
Microsoft Visual Studio Solution File, Format Version 12.00
# Visual Studio 15
VisualStudioVersion = 15.0.27703.2035
MinimumVisualStudioVersion = 10.0.40219.1
Project("{FAE04EC0-301F-11D3-BF4B-00C04F79EFBC}") = "InyeccionLog4Net", "InyeccionLog4Net\InyeccionLog4Net.csproj", "{E91F9440-77F7-4857-A297-6FDF238E582A}"
EndProject
Global
	GlobalSection(SolutionConfigurationPlatforms) = preSolution
		Debug|Any CPU = Debug|Any CPU
		Release|Any CPU = Release|Any CPU
	EndGlobalSection
	GlobalSection(ProjectConfigurationPlatforms) = postSolution
		{E91F9440-77F7-4857-A297-6FDF238E582A}.Debug|Any CPU.ActiveCfg = Debug|Any CPU
		{E91F9440-77F7-4857-A297-6FDF238E582A}.Debug|Any CPU.Build.0 = Debug|Any CPU
		{E91F9440-77F7-4857-A297-6FDF238E582A}.Release|Any CPU.ActiveCfg = Release|Any CPU
		{E91F9440-77F7-4857-A297-6FDF238E582A}.Release|Any CPU.Build.0 = Release|Any CPU
	EndGlobalSection
	GlobalSection(SolutionProperties) = preSolution
		HideSolutionNode = FALSE
	EndGlobalSection
	GlobalSection(ExtensibilityGlobals) = postSolution
		SolutionGuid = {EDFFA408-A20E-47FE-BC12-8CA9B5CC5BCB}
	EndGlobalSection
EndGlobal
